
Microsoft Visual Studio Solution File, Format Version 12.00
# Visual Studio 2012
Project("{FAE04EC0-301F-11D3-BF4B-00C04F79EFBC}") = "ArrayExistsConsole", "ArrayExistsConsole\ArrayExistsConsole.csproj", "{A3BC38A2-B71E-4934-8606-F7F9C771B41C}"
EndProject
Global
	GlobalSection(SolutionConfigurationPlatforms) = preSolution
		Debug|Any CPU = Debug|Any CPU
		Release|Any CPU = Release|Any CPU
	EndGlobalSection
	GlobalSection(ProjectConfigurationPlatforms) = postSolution
		{A3BC38A2-B71E-4934-8606-F7F9C771B41C}.Debug|Any CPU.ActiveCfg = Debug|Any CPU
		{A3BC38A2-B71E-4934-8606-F7F9C771B41C}.Debug|Any CPU.Build.0 = Debug|Any CPU
		{A3BC38A2-B71E-4934-8606-F7F9C771B41C}.Release|Any CPU.ActiveCfg = Release|Any CPU
		{A3BC38A2-B71E-4934-8606-F7F9C771B41C}.Release|Any CPU.Build.0 = Release|Any CPU
	EndGlobalSection
	GlobalSection(SolutionProperties) = preSolution
		HideSolutionNode = FALSE
	EndGlobalSection
EndGlobal
