
Microsoft Visual Studio Solution File, Format Version 12.00
# Visual Studio 2012
Project("{FAE04EC0-301F-11D3-BF4B-00C04F79EFBC}") = "NetMQ", "NetMQ\NetMQ.csproj", "{A5257974-B24A-4D71-A9B6-B64861AFD653}"
EndProject
Project("{FAE04EC0-301F-11D3-BF4B-00C04F79EFBC}") = "NetMQClient", "NetMQClient\NetMQClient.csproj", "{6F96E485-3E11-412F-A0A5-E7DCB09EA203}"
EndProject
Project("{FAE04EC0-301F-11D3-BF4B-00C04F79EFBC}") = "NetMQ.Common", "NetMQ.Common\NetMQ.Common.csproj", "{D691E327-3348-4602-8B51-1582B3F573C3}"
EndProject
Global
	GlobalSection(SolutionConfigurationPlatforms) = preSolution
		Debug|Any CPU = Debug|Any CPU
		Release|Any CPU = Release|Any CPU
	EndGlobalSection
	GlobalSection(ProjectConfigurationPlatforms) = postSolution
		{A5257974-B24A-4D71-A9B6-B64861AFD653}.Debug|Any CPU.ActiveCfg = Debug|Any CPU
		{A5257974-B24A-4D71-A9B6-B64861AFD653}.Debug|Any CPU.Build.0 = Debug|Any CPU
		{A5257974-B24A-4D71-A9B6-B64861AFD653}.Release|Any CPU.ActiveCfg = Release|Any CPU
		{A5257974-B24A-4D71-A9B6-B64861AFD653}.Release|Any CPU.Build.0 = Release|Any CPU
		{6F96E485-3E11-412F-A0A5-E7DCB09EA203}.Debug|Any CPU.ActiveCfg = Debug|Any CPU
		{6F96E485-3E11-412F-A0A5-E7DCB09EA203}.Debug|Any CPU.Build.0 = Debug|Any CPU
		{6F96E485-3E11-412F-A0A5-E7DCB09EA203}.Release|Any CPU.ActiveCfg = Release|Any CPU
		{6F96E485-3E11-412F-A0A5-E7DCB09EA203}.Release|Any CPU.Build.0 = Release|Any CPU
		{D691E327-3348-4602-8B51-1582B3F573C3}.Debug|Any CPU.ActiveCfg = Debug|Any CPU
		{D691E327-3348-4602-8B51-1582B3F573C3}.Debug|Any CPU.Build.0 = Debug|Any CPU
		{D691E327-3348-4602-8B51-1582B3F573C3}.Release|Any CPU.ActiveCfg = Release|Any CPU
		{D691E327-3348-4602-8B51-1582B3F573C3}.Release|Any CPU.Build.0 = Release|Any CPU
	EndGlobalSection
	GlobalSection(SolutionProperties) = preSolution
		HideSolutionNode = FALSE
	EndGlobalSection
EndGlobal
